
Microsoft Visual Studio Solution File, Format Version 12.00
# Visual Studio Version 16
VisualStudioVersion = 16.0.29509.3
MinimumVisualStudioVersion = 10.0.40219.1
Project("{FAE04EC0-301F-11D3-BF4B-00C04F79EFBC}") = "MyFunctionApp.CS", "MyFunctionApp.CS\MyFunctionApp.CS.csproj", "{47E2F54D-0DE3-40CC-97B1-DE0FE8A5E694}"
EndProject
Project("{F2A71F9B-5D33-465A-A702-920D77279786}") = "MyFunctionApp.FS", "MyFunctionApp.FS\MyFunctionApp.FS.fsproj", "{DDA48962-2E12-4AF0-9D02-9EB080CF4366}"
EndProject
Global
	GlobalSection(SolutionConfigurationPlatforms) = preSolution
		Debug|Any CPU = Debug|Any CPU
		Release|Any CPU = Release|Any CPU
	EndGlobalSection
	GlobalSection(ProjectConfigurationPlatforms) = postSolution
		{47E2F54D-0DE3-40CC-97B1-DE0FE8A5E694}.Debug|Any CPU.ActiveCfg = Debug|Any CPU
		{47E2F54D-0DE3-40CC-97B1-DE0FE8A5E694}.Debug|Any CPU.Build.0 = Debug|Any CPU
		{47E2F54D-0DE3-40CC-97B1-DE0FE8A5E694}.Release|Any CPU.ActiveCfg = Release|Any CPU
		{47E2F54D-0DE3-40CC-97B1-DE0FE8A5E694}.Release|Any CPU.Build.0 = Release|Any CPU
		{DDA48962-2E12-4AF0-9D02-9EB080CF4366}.Debug|Any CPU.ActiveCfg = Debug|Any CPU
		{DDA48962-2E12-4AF0-9D02-9EB080CF4366}.Debug|Any CPU.Build.0 = Debug|Any CPU
		{DDA48962-2E12-4AF0-9D02-9EB080CF4366}.Release|Any CPU.ActiveCfg = Release|Any CPU
		{DDA48962-2E12-4AF0-9D02-9EB080CF4366}.Release|Any CPU.Build.0 = Release|Any CPU
	EndGlobalSection
	GlobalSection(SolutionProperties) = preSolution
		HideSolutionNode = FALSE
	EndGlobalSection
	GlobalSection(ExtensibilityGlobals) = postSolution
		SolutionGuid = {0DA9C53A-40FD-43BC-B0AE-AFA1C77CF7AA}
	EndGlobalSection
EndGlobal
